
Microsoft Visual Studio Solution File, Format Version 12.00
# Visual Studio Version 16
VisualStudioVersion = 16.0.30611.23
MinimumVisualStudioVersion = 10.0.40219.1
Project("{FAE04EC0-301F-11D3-BF4B-00C04F79EFBC}") = "Enigma", "Enigma\Enigma.csproj", "{4AF89F64-29F7-4A8A-9F95-B74684727DBD}"
EndProject
Project("{FAE04EC0-301F-11D3-BF4B-00C04F79EFBC}") = "UnitTest", "UnitTest\UnitTest.csproj", "{A2782540-8281-4637-AC11-78C7916D87C1}"
EndProject
Global
	GlobalSection(SolutionConfigurationPlatforms) = preSolution
		Debug|Any CPU = Debug|Any CPU
		Release|Any CPU = Release|Any CPU
	EndGlobalSection
	GlobalSection(ProjectConfigurationPlatforms) = postSolution
		{4AF89F64-29F7-4A8A-9F95-B74684727DBD}.Debug|Any CPU.ActiveCfg = Debug|Any CPU
		{4AF89F64-29F7-4A8A-9F95-B74684727DBD}.Debug|Any CPU.Build.0 = Debug|Any CPU
		{4AF89F64-29F7-4A8A-9F95-B74684727DBD}.Release|Any CPU.ActiveCfg = Release|Any CPU
		{4AF89F64-29F7-4A8A-9F95-B74684727DBD}.Release|Any CPU.Build.0 = Release|Any CPU
		{A2782540-8281-4637-AC11-78C7916D87C1}.Debug|Any CPU.ActiveCfg = Debug|Any CPU
		{A2782540-8281-4637-AC11-78C7916D87C1}.Debug|Any CPU.Build.0 = Debug|Any CPU
		{A2782540-8281-4637-AC11-78C7916D87C1}.Release|Any CPU.ActiveCfg = Release|Any CPU
		{A2782540-8281-4637-AC11-78C7916D87C1}.Release|Any CPU.Build.0 = Release|Any CPU
	EndGlobalSection
	GlobalSection(SolutionProperties) = preSolution
		HideSolutionNode = FALSE
	EndGlobalSection
	GlobalSection(ExtensibilityGlobals) = postSolution
		SolutionGuid = {6E5E8D8E-FBAC-4549-A56B-7CE626D46CFF}
	EndGlobalSection
EndGlobal
